
Microsoft Visual Studio Solution File, Format Version 12.00
# Visual Studio Version 16
VisualStudioVersion = 16.0.30330.147
MinimumVisualStudioVersion = 10.0.40219.1
Project("{FAE04EC0-301F-11D3-BF4B-00C04F79EFBC}") = "FastReport.Mono", "FastReport.Mono\FastReport.Mono.csproj", "{4DC99B7E-E711-422D-A025-C75254F7F74F}"
EndProject
Project("{FAE04EC0-301F-11D3-BF4B-00C04F79EFBC}") = "FastReportMono.Web", "FastReport.Web\FastReportMono.Web.csproj", "{29A4C63B-8704-4A37-B3B5-B0871727C9C5}"
EndProject
Project("{FAE04EC0-301F-11D3-BF4B-00C04F79EFBC}") = "FontHandlersExportToPDF", "Demos\C#\FontHandlersExportToPDF\FontHandlersExportToPDF.csproj", "{EDB12039-E56A-4C95-A4DE-3005F064FBF9}"
EndProject
Project("{FAE04EC0-301F-11D3-BF4B-00C04F79EFBC}") = "DocumentGenerator", "..\DocumentGenerator\DocumentGenerator.csproj", "{0A5FB5FF-0843-4343-AD12-C7BF588FCB45}"
EndProject
Project("{FAE04EC0-301F-11D3-BF4B-00C04F79EFBC}") = "Start", "..\Start\Start.csproj", "{5EF91BE3-E382-4391-B60F-8FF8962DE0CB}"
EndProject
Global
	GlobalSection(SolutionConfigurationPlatforms) = preSolution
		Academic|.NET = Academic|.NET
		Academic|Any CPU = Academic|Any CPU
		Academic|Mixed Platforms = Academic|Mixed Platforms
		Academic|x86 = Academic|x86
		Basic|.NET = Basic|.NET
		Basic|Any CPU = Basic|Any CPU
		Basic|Mixed Platforms = Basic|Mixed Platforms
		Basic|x86 = Basic|x86
		Community|.NET = Community|.NET
		Community|Any CPU = Community|Any CPU
		Community|Mixed Platforms = Community|Mixed Platforms
		Community|x86 = Community|x86
		Debug|.NET = Debug|.NET
		Debug|Any CPU = Debug|Any CPU
		Debug|Mixed Platforms = Debug|Mixed Platforms
		Debug|x86 = Debug|x86
		Demo|.NET = Demo|.NET
		Demo|Any CPU = Demo|Any CPU
		Demo|Mixed Platforms = Demo|Mixed Platforms
		Demo|x86 = Demo|x86
		Release|.NET = Release|.NET
		Release|Any CPU = Release|Any CPU
		Release|Mixed Platforms = Release|Mixed Platforms
		Release|x86 = Release|x86
		Test|.NET = Test|.NET
		Test|Any CPU = Test|Any CPU
		Test|Mixed Platforms = Test|Mixed Platforms
		Test|x86 = Test|x86
		WinForms|.NET = WinForms|.NET
		WinForms|Any CPU = WinForms|Any CPU
		WinForms|Mixed Platforms = WinForms|Mixed Platforms
		WinForms|x86 = WinForms|x86
	EndGlobalSection
	GlobalSection(ProjectConfigurationPlatforms) = postSolution
		{4DC99B7E-E711-422D-A025-C75254F7F74F}.Academic|.NET.ActiveCfg = WinForms|Any CPU
		{4DC99B7E-E711-422D-A025-C75254F7F74F}.Academic|.NET.Build.0 = WinForms|Any CPU
		{4DC99B7E-E711-422D-A025-C75254F7F74F}.Academic|Any CPU.ActiveCfg = WinForms|Any CPU
		{4DC99B7E-E711-422D-A025-C75254F7F74F}.Academic|Any CPU.Build.0 = WinForms|Any CPU
		{4DC99B7E-E711-422D-A025-C75254F7F74F}.Academic|Mixed Platforms.ActiveCfg = WinForms|Any CPU
		{4DC99B7E-E711-422D-A025-C75254F7F74F}.Academic|Mixed Platforms.Build.0 = WinForms|Any CPU
		{4DC99B7E-E711-422D-A025-C75254F7F74F}.Academic|x86.ActiveCfg = WinForms|Any CPU
		{4DC99B7E-E711-422D-A025-C75254F7F74F}.Academic|x86.Build.0 = WinForms|Any CPU
		{4DC99B7E-E711-422D-A025-C75254F7F74F}.Basic|.NET.ActiveCfg = Basic|Any CPU
		{4DC99B7E-E711-422D-A025-C75254F7F74F}.Basic|Any CPU.ActiveCfg = Basic|Any CPU
		{4DC99B7E-E711-422D-A025-C75254F7F74F}.Basic|Any CPU.Build.0 = Basic|Any CPU
		{4DC99B7E-E711-422D-A025-C75254F7F74F}.Basic|Mixed Platforms.ActiveCfg = Basic|Any CPU
		{4DC99B7E-E711-422D-A025-C75254F7F74F}.Basic|Mixed Platforms.Build.0 = Basic|Any CPU
		{4DC99B7E-E711-422D-A025-C75254F7F74F}.Basic|x86.ActiveCfg = Basic|Any CPU
		{4DC99B7E-E711-422D-A025-C75254F7F74F}.Basic|x86.Build.0 = Basic|Any CPU
		{4DC99B7E-E711-422D-A025-C75254F7F74F}.Community|.NET.ActiveCfg = WinForms|Any CPU
		{4DC99B7E-E711-422D-A025-C75254F7F74F}.Community|.NET.Build.0 = WinForms|Any CPU
		{4DC99B7E-E711-422D-A025-C75254F7F74F}.Community|Any CPU.ActiveCfg = WinForms|Any CPU
		{4DC99B7E-E711-422D-A025-C75254F7F74F}.Community|Any CPU.Build.0 = WinForms|Any CPU
		{4DC99B7E-E711-422D-A025-C75254F7F74F}.Community|Mixed Platforms.ActiveCfg = WinForms|Any CPU
		{4DC99B7E-E711-422D-A025-C75254F7F74F}.Community|Mixed Platforms.Build.0 = WinForms|Any CPU
		{4DC99B7E-E711-422D-A025-C75254F7F74F}.Community|x86.ActiveCfg = WinForms|Any CPU
		{4DC99B7E-E711-422D-A025-C75254F7F74F}.Community|x86.Build.0 = WinForms|Any CPU
		{4DC99B7E-E711-422D-A025-C75254F7F74F}.Debug|.NET.ActiveCfg = Debug|Any CPU
		{4DC99B7E-E711-422D-A025-C75254F7F74F}.Debug|Any CPU.ActiveCfg = Debug|Any CPU
		{4DC99B7E-E711-422D-A025-C75254F7F74F}.Debug|Any CPU.Build.0 = Debug|Any CPU
		{4DC99B7E-E711-422D-A025-C75254F7F74F}.Debug|Mixed Platforms.ActiveCfg = Debug|Any CPU
		{4DC99B7E-E711-422D-A025-C75254F7F74F}.Debug|Mixed Platforms.Build.0 = Debug|Any CPU
		{4DC99B7E-E711-422D-A025-C75254F7F74F}.Debug|x86.ActiveCfg = Debug|Any CPU
		{4DC99B7E-E711-422D-A025-C75254F7F74F}.Debug|x86.Build.0 = Debug|Any CPU
		{4DC99B7E-E711-422D-A025-C75254F7F74F}.Demo|.NET.ActiveCfg = Demo|Any CPU
		{4DC99B7E-E711-422D-A025-C75254F7F74F}.Demo|Any CPU.ActiveCfg = Demo|Any CPU
		{4DC99B7E-E711-422D-A025-C75254F7F74F}.Demo|Any CPU.Build.0 = Demo|Any CPU
		{4DC99B7E-E711-422D-A025-C75254F7F74F}.Demo|Mixed Platforms.ActiveCfg = Demo|Any CPU
		{4DC99B7E-E711-422D-A025-C75254F7F74F}.Demo|Mixed Platforms.Build.0 = Demo|Any CPU
		{4DC99B7E-E711-422D-A025-C75254F7F74F}.Demo|x86.ActiveCfg = Demo|Any CPU
		{4DC99B7E-E711-422D-A025-C75254F7F74F}.Demo|x86.Build.0 = Demo|Any CPU
		{4DC99B7E-E711-422D-A025-C75254F7F74F}.Release|.NET.ActiveCfg = Release|Any CPU
		{4DC99B7E-E711-422D-A025-C75254F7F74F}.Release|Any CPU.ActiveCfg = Release|Any CPU
		{4DC99B7E-E711-422D-A025-C75254F7F74F}.Release|Any CPU.Build.0 = Release|Any CPU
		{4DC99B7E-E711-422D-A025-C75254F7F74F}.Release|Mixed Platforms.ActiveCfg = Release|Any CPU
		{4DC99B7E-E711-422D-A025-C75254F7F74F}.Release|Mixed Platforms.Build.0 = Release|Any CPU
		{4DC99B7E-E711-422D-A025-C75254F7F74F}.Release|x86.ActiveCfg = Release|Any CPU
		{4DC99B7E-E711-422D-A025-C75254F7F74F}.Release|x86.Build.0 = Release|Any CPU
		{4DC99B7E-E711-422D-A025-C75254F7F74F}.Test|.NET.ActiveCfg = Test|Any CPU
		{4DC99B7E-E711-422D-A025-C75254F7F74F}.Test|.NET.Build.0 = Test|Any CPU
		{4DC99B7E-E711-422D-A025-C75254F7F74F}.Test|Any CPU.ActiveCfg = Test|Any CPU
		{4DC99B7E-E711-422D-A025-C75254F7F74F}.Test|Any CPU.Build.0 = Test|Any CPU
		{4DC99B7E-E711-422D-A025-C75254F7F74F}.Test|Mixed Platforms.ActiveCfg = Test|Any CPU
		{4DC99B7E-E711-422D-A025-C75254F7F74F}.Test|Mixed Platforms.Build.0 = Test|Any CPU
		{4DC99B7E-E711-422D-A025-C75254F7F74F}.Test|x86.ActiveCfg = Test|Any CPU
		{4DC99B7E-E711-422D-A025-C75254F7F74F}.Test|x86.Build.0 = Test|Any CPU
		{4DC99B7E-E711-422D-A025-C75254F7F74F}.WinForms|.NET.ActiveCfg = WinForms|Any CPU
		{4DC99B7E-E711-422D-A025-C75254F7F74F}.WinForms|Any CPU.ActiveCfg = WinForms|Any CPU
		{4DC99B7E-E711-422D-A025-C75254F7F74F}.WinForms|Any CPU.Build.0 = WinForms|Any CPU
		{4DC99B7E-E711-422D-A025-C75254F7F74F}.WinForms|Mixed Platforms.ActiveCfg = WinForms|Any CPU
		{4DC99B7E-E711-422D-A025-C75254F7F74F}.WinForms|Mixed Platforms.Build.0 = WinForms|Any CPU
		{4DC99B7E-E711-422D-A025-C75254F7F74F}.WinForms|x86.ActiveCfg = WinForms|Any CPU
		{4DC99B7E-E711-422D-A025-C75254F7F74F}.WinForms|x86.Build.0 = WinForms|Any CPU
		{29A4C63B-8704-4A37-B3B5-B0871727C9C5}.Academic|.NET.ActiveCfg = WinForms|Any CPU
		{29A4C63B-8704-4A37-B3B5-B0871727C9C5}.Academic|.NET.Build.0 = WinForms|Any CPU
		{29A4C63B-8704-4A37-B3B5-B0871727C9C5}.Academic|Any CPU.ActiveCfg = WinForms|Any CPU
		{29A4C63B-8704-4A37-B3B5-B0871727C9C5}.Academic|Any CPU.Build.0 = WinForms|Any CPU
		{29A4C63B-8704-4A37-B3B5-B0871727C9C5}.Academic|Mixed Platforms.ActiveCfg = WinForms|Any CPU
		{29A4C63B-8704-4A37-B3B5-B0871727C9C5}.Academic|Mixed Platforms.Build.0 = WinForms|Any CPU
		{29A4C63B-8704-4A37-B3B5-B0871727C9C5}.Academic|x86.ActiveCfg = WinForms|Any CPU
		{29A4C63B-8704-4A37-B3B5-B0871727C9C5}.Academic|x86.Build.0 = WinForms|Any CPU
		{29A4C63B-8704-4A37-B3B5-B0871727C9C5}.Basic|.NET.ActiveCfg = Community|Any CPU
		{29A4C63B-8704-4A37-B3B5-B0871727C9C5}.Basic|Any CPU.ActiveCfg = Community|Any CPU
		{29A4C63B-8704-4A37-B3B5-B0871727C9C5}.Basic|Any CPU.Build.0 = Community|Any CPU
		{29A4C63B-8704-4A37-B3B5-B0871727C9C5}.Basic|Mixed Platforms.ActiveCfg = Community|Any CPU
		{29A4C63B-8704-4A37-B3B5-B0871727C9C5}.Basic|Mixed Platforms.Build.0 = Community|Any CPU
		{29A4C63B-8704-4A37-B3B5-B0871727C9C5}.Basic|x86.ActiveCfg = Community|Any CPU
		{29A4C63B-8704-4A37-B3B5-B0871727C9C5}.Community|.NET.ActiveCfg = WinForms|Any CPU
		{29A4C63B-8704-4A37-B3B5-B0871727C9C5}.Community|.NET.Build.0 = WinForms|Any CPU
		{29A4C63B-8704-4A37-B3B5-B0871727C9C5}.Community|Any CPU.ActiveCfg = WinForms|Any CPU
		{29A4C63B-8704-4A37-B3B5-B0871727C9C5}.Community|Any CPU.Build.0 = WinForms|Any CPU
		{29A4C63B-8704-4A37-B3B5-B0871727C9C5}.Community|Mixed Platforms.ActiveCfg = WinForms|Any CPU
		{29A4C63B-8704-4A37-B3B5-B0871727C9C5}.Community|Mixed Platforms.Build.0 = WinForms|Any CPU
		{29A4C63B-8704-4A37-B3B5-B0871727C9C5}.Community|x86.ActiveCfg = WinForms|Any CPU
		{29A4C63B-8704-4A37-B3B5-B0871727C9C5}.Community|x86.Build.0 = WinForms|Any CPU
		{29A4C63B-8704-4A37-B3B5-B0871727C9C5}.Debug|.NET.ActiveCfg = Debug|Any CPU
		{29A4C63B-8704-4A37-B3B5-B0871727C9C5}.Debug|Any CPU.ActiveCfg = Debug|Any CPU
		{29A4C63B-8704-4A37-B3B5-B0871727C9C5}.Debug|Any CPU.Build.0 = Debug|Any CPU
		{29A4C63B-8704-4A37-B3B5-B0871727C9C5}.Debug|Mixed Platforms.ActiveCfg = Debug|Any CPU
		{29A4C63B-8704-4A37-B3B5-B0871727C9C5}.Debug|Mixed Platforms.Build.0 = Debug|Any CPU
		{29A4C63B-8704-4A37-B3B5-B0871727C9C5}.Debug|x86.ActiveCfg = Debug|Any CPU
		{29A4C63B-8704-4A37-B3B5-B0871727C9C5}.Debug|x86.Build.0 = Debug|Any CPU
		{29A4C63B-8704-4A37-B3B5-B0871727C9C5}.Demo|.NET.ActiveCfg = Demo|Any CPU
		{29A4C63B-8704-4A37-B3B5-B0871727C9C5}.Demo|Any CPU.ActiveCfg = Demo|Any CPU
		{29A4C63B-8704-4A37-B3B5-B0871727C9C5}.Demo|Any CPU.Build.0 = Demo|Any CPU
		{29A4C63B-8704-4A37-B3B5-B0871727C9C5}.Demo|Mixed Platforms.ActiveCfg = Demo|Any CPU
		{29A4C63B-8704-4A37-B3B5-B0871727C9C5}.Demo|Mixed Platforms.Build.0 = Demo|Any CPU
		{29A4C63B-8704-4A37-B3B5-B0871727C9C5}.Demo|x86.ActiveCfg = Demo|Any CPU
		{29A4C63B-8704-4A37-B3B5-B0871727C9C5}.Demo|x86.Build.0 = Demo|Any CPU
		{29A4C63B-8704-4A37-B3B5-B0871727C9C5}.Release|.NET.ActiveCfg = Release|Any CPU
		{29A4C63B-8704-4A37-B3B5-B0871727C9C5}.Release|Any CPU.ActiveCfg = Release|Any CPU
		{29A4C63B-8704-4A37-B3B5-B0871727C9C5}.Release|Any CPU.Build.0 = Release|Any CPU
		{29A4C63B-8704-4A37-B3B5-B0871727C9C5}.Release|Mixed Platforms.ActiveCfg = Release|Any CPU
		{29A4C63B-8704-4A37-B3B5-B0871727C9C5}.Release|Mixed Platforms.Build.0 = Release|Any CPU
		{29A4C63B-8704-4A37-B3B5-B0871727C9C5}.Release|x86.ActiveCfg = Release|Any CPU
		{29A4C63B-8704-4A37-B3B5-B0871727C9C5}.Release|x86.Build.0 = Release|Any CPU
		{29A4C63B-8704-4A37-B3B5-B0871727C9C5}.Test|.NET.ActiveCfg = Academic|Any CPU
		{29A4C63B-8704-4A37-B3B5-B0871727C9C5}.Test|.NET.Build.0 = Academic|Any CPU
		{29A4C63B-8704-4A37-B3B5-B0871727C9C5}.Test|Any CPU.ActiveCfg = Academic|Any CPU
		{29A4C63B-8704-4A37-B3B5-B0871727C9C5}.Test|Any CPU.Build.0 = Academic|Any CPU
		{29A4C63B-8704-4A37-B3B5-B0871727C9C5}.Test|Mixed Platforms.ActiveCfg = Academic|Any CPU
		{29A4C63B-8704-4A37-B3B5-B0871727C9C5}.Test|Mixed Platforms.Build.0 = Academic|Any CPU
		{29A4C63B-8704-4A37-B3B5-B0871727C9C5}.Test|x86.ActiveCfg = Academic|Any CPU
		{29A4C63B-8704-4A37-B3B5-B0871727C9C5}.Test|x86.Build.0 = Academic|Any CPU
		{29A4C63B-8704-4A37-B3B5-B0871727C9C5}.WinForms|.NET.ActiveCfg = WinForms|Any CPU
		{29A4C63B-8704-4A37-B3B5-B0871727C9C5}.WinForms|Any CPU.ActiveCfg = WinForms|Any CPU
		{29A4C63B-8704-4A37-B3B5-B0871727C9C5}.WinForms|Any CPU.Build.0 = WinForms|Any CPU
		{29A4C63B-8704-4A37-B3B5-B0871727C9C5}.WinForms|Mixed Platforms.ActiveCfg = WinForms|Any CPU
		{29A4C63B-8704-4A37-B3B5-B0871727C9C5}.WinForms|Mixed Platforms.Build.0 = WinForms|Any CPU
		{29A4C63B-8704-4A37-B3B5-B0871727C9C5}.WinForms|x86.ActiveCfg = WinForms|Any CPU
		{29A4C63B-8704-4A37-B3B5-B0871727C9C5}.WinForms|x86.Build.0 = WinForms|Any CPU
		{EDB12039-E56A-4C95-A4DE-3005F064FBF9}.Academic|.NET.ActiveCfg = Debug|Any CPU
		{EDB12039-E56A-4C95-A4DE-3005F064FBF9}.Academic|.NET.Build.0 = Debug|Any CPU
		{EDB12039-E56A-4C95-A4DE-3005F064FBF9}.Academic|Any CPU.ActiveCfg = Debug|Any CPU
		{EDB12039-E56A-4C95-A4DE-3005F064FBF9}.Academic|Any CPU.Build.0 = Debug|Any CPU
		{EDB12039-E56A-4C95-A4DE-3005F064FBF9}.Academic|Mixed Platforms.ActiveCfg = Debug|Any CPU
		{EDB12039-E56A-4C95-A4DE-3005F064FBF9}.Academic|Mixed Platforms.Build.0 = Debug|Any CPU
		{EDB12039-E56A-4C95-A4DE-3005F064FBF9}.Academic|x86.ActiveCfg = Debug|Any CPU
		{EDB12039-E56A-4C95-A4DE-3005F064FBF9}.Academic|x86.Build.0 = Debug|Any CPU
		{EDB12039-E56A-4C95-A4DE-3005F064FBF9}.Basic|.NET.ActiveCfg = Release|Any CPU
		{EDB12039-E56A-4C95-A4DE-3005F064FBF9}.Basic|.NET.Build.0 = Release|Any CPU
		{EDB12039-E56A-4C95-A4DE-3005F064FBF9}.Basic|Any CPU.ActiveCfg = Release|Any CPU
		{EDB12039-E56A-4C95-A4DE-3005F064FBF9}.Basic|Any CPU.Build.0 = Release|Any CPU
		{EDB12039-E56A-4C95-A4DE-3005F064FBF9}.Basic|Mixed Platforms.ActiveCfg = Release|Any CPU
		{EDB12039-E56A-4C95-A4DE-3005F064FBF9}.Basic|Mixed Platforms.Build.0 = Release|Any CPU
		{EDB12039-E56A-4C95-A4DE-3005F064FBF9}.Basic|x86.ActiveCfg = Debug|Any CPU
		{EDB12039-E56A-4C95-A4DE-3005F064FBF9}.Basic|x86.Build.0 = Debug|Any CPU
		{EDB12039-E56A-4C95-A4DE-3005F064FBF9}.Community|.NET.ActiveCfg = Debug|Any CPU
		{EDB12039-E56A-4C95-A4DE-3005F064FBF9}.Community|.NET.Build.0 = Debug|Any CPU
		{EDB12039-E56A-4C95-A4DE-3005F064FBF9}.Community|Any CPU.ActiveCfg = Debug|Any CPU
		{EDB12039-E56A-4C95-A4DE-3005F064FBF9}.Community|Any CPU.Build.0 = Debug|Any CPU
		{EDB12039-E56A-4C95-A4DE-3005F064FBF9}.Community|Mixed Platforms.ActiveCfg = Debug|Any CPU
		{EDB12039-E56A-4C95-A4DE-3005F064FBF9}.Community|Mixed Platforms.Build.0 = Debug|Any CPU
		{EDB12039-E56A-4C95-A4DE-3005F064FBF9}.Community|x86.ActiveCfg = Debug|Any CPU
		{EDB12039-E56A-4C95-A4DE-3005F064FBF9}.Community|x86.Build.0 = Debug|Any CPU
		{EDB12039-E56A-4C95-A4DE-3005F064FBF9}.Debug|.NET.ActiveCfg = Debug|Any CPU
		{EDB12039-E56A-4C95-A4DE-3005F064FBF9}.Debug|.NET.Build.0 = Debug|Any CPU
		{EDB12039-E56A-4C95-A4DE-3005F064FBF9}.Debug|Any CPU.ActiveCfg = Debug|Any CPU
		{EDB12039-E56A-4C95-A4DE-3005F064FBF9}.Debug|Any CPU.Build.0 = Debug|Any CPU
		{EDB12039-E56A-4C95-A4DE-3005F064FBF9}.Debug|Mixed Platforms.ActiveCfg = Debug|Any CPU
		{EDB12039-E56A-4C95-A4DE-3005F064FBF9}.Debug|Mixed Platforms.Build.0 = Debug|Any CPU
		{EDB12039-E56A-4C95-A4DE-3005F064FBF9}.Debug|x86.ActiveCfg = Debug|Any CPU
		{EDB12039-E56A-4C95-A4DE-3005F064FBF9}.Debug|x86.Build.0 = Debug|Any CPU
		{EDB12039-E56A-4C95-A4DE-3005F064FBF9}.Demo|.NET.ActiveCfg = Release|Any CPU
		{EDB12039-E56A-4C95-A4DE-3005F064FBF9}.Demo|.NET.Build.0 = Release|Any CPU
		{EDB12039-E56A-4C95-A4DE-3005F064FBF9}.Demo|Any CPU.ActiveCfg = Release|Any CPU
		{EDB12039-E56A-4C95-A4DE-3005F064FBF9}.Demo|Any CPU.Build.0 = Release|Any CPU
		{EDB12039-E56A-4C95-A4DE-3005F064FBF9}.Demo|Mixed Platforms.ActiveCfg = Release|Any CPU
		{EDB12039-E56A-4C95-A4DE-3005F064FBF9}.Demo|Mixed Platforms.Build.0 = Release|Any CPU
		{EDB12039-E56A-4C95-A4DE-3005F064FBF9}.Demo|x86.ActiveCfg = Debug|Any CPU
		{EDB12039-E56A-4C95-A4DE-3005F064FBF9}.Demo|x86.Build.0 = Debug|Any CPU
		{EDB12039-E56A-4C95-A4DE-3005F064FBF9}.Release|.NET.ActiveCfg = Release|Any CPU
		{EDB12039-E56A-4C95-A4DE-3005F064FBF9}.Release|.NET.Build.0 = Release|Any CPU
		{EDB12039-E56A-4C95-A4DE-3005F064FBF9}.Release|Any CPU.ActiveCfg = Release|Any CPU
		{EDB12039-E56A-4C95-A4DE-3005F064FBF9}.Release|Any CPU.Build.0 = Release|Any CPU
		{EDB12039-E56A-4C95-A4DE-3005F064FBF9}.Release|Mixed Platforms.ActiveCfg = Release|Any CPU
		{EDB12039-E56A-4C95-A4DE-3005F064FBF9}.Release|Mixed Platforms.Build.0 = Release|Any CPU
		{EDB12039-E56A-4C95-A4DE-3005F064FBF9}.Release|x86.ActiveCfg = Release|Any CPU
		{EDB12039-E56A-4C95-A4DE-3005F064FBF9}.Release|x86.Build.0 = Release|Any CPU
		{EDB12039-E56A-4C95-A4DE-3005F064FBF9}.Test|.NET.ActiveCfg = Release|Any CPU
		{EDB12039-E56A-4C95-A4DE-3005F064FBF9}.Test|Any CPU.ActiveCfg = Release|Any CPU
		{EDB12039-E56A-4C95-A4DE-3005F064FBF9}.Test|Mixed Platforms.ActiveCfg = Release|Any CPU
		{EDB12039-E56A-4C95-A4DE-3005F064FBF9}.Test|x86.ActiveCfg = Release|Any CPU
		{EDB12039-E56A-4C95-A4DE-3005F064FBF9}.WinForms|.NET.ActiveCfg = Release|Any CPU
		{EDB12039-E56A-4C95-A4DE-3005F064FBF9}.WinForms|.NET.Build.0 = Release|Any CPU
		{EDB12039-E56A-4C95-A4DE-3005F064FBF9}.WinForms|Any CPU.ActiveCfg = Release|Any CPU
		{EDB12039-E56A-4C95-A4DE-3005F064FBF9}.WinForms|Any CPU.Build.0 = Release|Any CPU
		{EDB12039-E56A-4C95-A4DE-3005F064FBF9}.WinForms|Mixed Platforms.ActiveCfg = Release|Any CPU
		{EDB12039-E56A-4C95-A4DE-3005F064FBF9}.WinForms|Mixed Platforms.Build.0 = Release|Any CPU
		{EDB12039-E56A-4C95-A4DE-3005F064FBF9}.WinForms|x86.ActiveCfg = Debug|Any CPU
		{EDB12039-E56A-4C95-A4DE-3005F064FBF9}.WinForms|x86.Build.0 = Debug|Any CPU
		{0A5FB5FF-0843-4343-AD12-C7BF588FCB45}.Academic|.NET.ActiveCfg = Release|Any CPU
		{0A5FB5FF-0843-4343-AD12-C7BF588FCB45}.Academic|.NET.Build.0 = Release|Any CPU
		{0A5FB5FF-0843-4343-AD12-C7BF588FCB45}.Academic|Any CPU.ActiveCfg = Release|Any CPU
		{0A5FB5FF-0843-4343-AD12-C7BF588FCB45}.Academic|Any CPU.Build.0 = Release|Any CPU
		{0A5FB5FF-0843-4343-AD12-C7BF588FCB45}.Academic|Mixed Platforms.ActiveCfg = Release|Any CPU
		{0A5FB5FF-0843-4343-AD12-C7BF588FCB45}.Academic|Mixed Platforms.Build.0 = Release|Any CPU
		{0A5FB5FF-0843-4343-AD12-C7BF588FCB45}.Academic|x86.ActiveCfg = Release|Any CPU
		{0A5FB5FF-0843-4343-AD12-C7BF588FCB45}.Academic|x86.Build.0 = Release|Any CPU
		{0A5FB5FF-0843-4343-AD12-C7BF588FCB45}.Basic|.NET.ActiveCfg = Release|Any CPU
		{0A5FB5FF-0843-4343-AD12-C7BF588FCB45}.Basic|.NET.Build.0 = Release|Any CPU
		{0A5FB5FF-0843-4343-AD12-C7BF588FCB45}.Basic|Any CPU.ActiveCfg = Release|Any CPU
		{0A5FB5FF-0843-4343-AD12-C7BF588FCB45}.Basic|Any CPU.Build.0 = Release|Any CPU
		{0A5FB5FF-0843-4343-AD12-C7BF588FCB45}.Basic|Mixed Platforms.ActiveCfg = Release|Any CPU
		{0A5FB5FF-0843-4343-AD12-C7BF588FCB45}.Basic|Mixed Platforms.Build.0 = Release|Any CPU
		{0A5FB5FF-0843-4343-AD12-C7BF588FCB45}.Basic|x86.ActiveCfg = Release|Any CPU
		{0A5FB5FF-0843-4343-AD12-C7BF588FCB45}.Basic|x86.Build.0 = Release|Any CPU
		{0A5FB5FF-0843-4343-AD12-C7BF588FCB45}.Community|.NET.ActiveCfg = Release|Any CPU
		{0A5FB5FF-0843-4343-AD12-C7BF588FCB45}.Community|.NET.Build.0 = Release|Any CPU
		{0A5FB5FF-0843-4343-AD12-C7BF588FCB45}.Community|Any CPU.ActiveCfg = Release|Any CPU
		{0A5FB5FF-0843-4343-AD12-C7BF588FCB45}.Community|Any CPU.Build.0 = Release|Any CPU
		{0A5FB5FF-0843-4343-AD12-C7BF588FCB45}.Community|Mixed Platforms.ActiveCfg = Release|Any CPU
		{0A5FB5FF-0843-4343-AD12-C7BF588FCB45}.Community|Mixed Platforms.Build.0 = Release|Any CPU
		{0A5FB5FF-0843-4343-AD12-C7BF588FCB45}.Community|x86.ActiveCfg = Release|Any CPU
		{0A5FB5FF-0843-4343-AD12-C7BF588FCB45}.Community|x86.Build.0 = Release|Any CPU
		{0A5FB5FF-0843-4343-AD12-C7BF588FCB45}.Debug|.NET.ActiveCfg = Debug|Any CPU
		{0A5FB5FF-0843-4343-AD12-C7BF588FCB45}.Debug|.NET.Build.0 = Debug|Any CPU
		{0A5FB5FF-0843-4343-AD12-C7BF588FCB45}.Debug|Any CPU.ActiveCfg = Debug|Any CPU
		{0A5FB5FF-0843-4343-AD12-C7BF588FCB45}.Debug|Any CPU.Build.0 = Debug|Any CPU
		{0A5FB5FF-0843-4343-AD12-C7BF588FCB45}.Debug|Mixed Platforms.ActiveCfg = Debug|Any CPU
		{0A5FB5FF-0843-4343-AD12-C7BF588FCB45}.Debug|Mixed Platforms.Build.0 = Debug|Any CPU
		{0A5FB5FF-0843-4343-AD12-C7BF588FCB45}.Debug|x86.ActiveCfg = Debug|Any CPU
		{0A5FB5FF-0843-4343-AD12-C7BF588FCB45}.Debug|x86.Build.0 = Debug|Any CPU
		{0A5FB5FF-0843-4343-AD12-C7BF588FCB45}.Demo|.NET.ActiveCfg = Debug|Any CPU
		{0A5FB5FF-0843-4343-AD12-C7BF588FCB45}.Demo|.NET.Build.0 = Debug|Any CPU
		{0A5FB5FF-0843-4343-AD12-C7BF588FCB45}.Demo|Any CPU.ActiveCfg = Debug|Any CPU
		{0A5FB5FF-0843-4343-AD12-C7BF588FCB45}.Demo|Any CPU.Build.0 = Debug|Any CPU
		{0A5FB5FF-0843-4343-AD12-C7BF588FCB45}.Demo|Mixed Platforms.ActiveCfg = Debug|Any CPU
		{0A5FB5FF-0843-4343-AD12-C7BF588FCB45}.Demo|Mixed Platforms.Build.0 = Debug|Any CPU
		{0A5FB5FF-0843-4343-AD12-C7BF588FCB45}.Demo|x86.ActiveCfg = Debug|Any CPU
		{0A5FB5FF-0843-4343-AD12-C7BF588FCB45}.Demo|x86.Build.0 = Debug|Any CPU
		{0A5FB5FF-0843-4343-AD12-C7BF588FCB45}.Release|.NET.ActiveCfg = Release|Any CPU
		{0A5FB5FF-0843-4343-AD12-C7BF588FCB45}.Release|.NET.Build.0 = Release|Any CPU
		{0A5FB5FF-0843-4343-AD12-C7BF588FCB45}.Release|Any CPU.ActiveCfg = Release|Any CPU
		{0A5FB5FF-0843-4343-AD12-C7BF588FCB45}.Release|Any CPU.Build.0 = Release|Any CPU
		{0A5FB5FF-0843-4343-AD12-C7BF588FCB45}.Release|Mixed Platforms.ActiveCfg = Release|Any CPU
		{0A5FB5FF-0843-4343-AD12-C7BF588FCB45}.Release|Mixed Platforms.Build.0 = Release|Any CPU
		{0A5FB5FF-0843-4343-AD12-C7BF588FCB45}.Release|x86.ActiveCfg = Release|Any CPU
		{0A5FB5FF-0843-4343-AD12-C7BF588FCB45}.Release|x86.Build.0 = Release|Any CPU
		{0A5FB5FF-0843-4343-AD12-C7BF588FCB45}.Test|.NET.ActiveCfg = Debug|Any CPU
		{0A5FB5FF-0843-4343-AD12-C7BF588FCB45}.Test|.NET.Build.0 = Debug|Any CPU
		{0A5FB5FF-0843-4343-AD12-C7BF588FCB45}.Test|Any CPU.ActiveCfg = Debug|Any CPU
		{0A5FB5FF-0843-4343-AD12-C7BF588FCB45}.Test|Any CPU.Build.0 = Debug|Any CPU
		{0A5FB5FF-0843-4343-AD12-C7BF588FCB45}.Test|Mixed Platforms.ActiveCfg = Debug|Any CPU
		{0A5FB5FF-0843-4343-AD12-C7BF588FCB45}.Test|Mixed Platforms.Build.0 = Debug|Any CPU
		{0A5FB5FF-0843-4343-AD12-C7BF588FCB45}.Test|x86.ActiveCfg = Debug|Any CPU
		{0A5FB5FF-0843-4343-AD12-C7BF588FCB45}.Test|x86.Build.0 = Debug|Any CPU
		{0A5FB5FF-0843-4343-AD12-C7BF588FCB45}.WinForms|.NET.ActiveCfg = Release|Any CPU
		{0A5FB5FF-0843-4343-AD12-C7BF588FCB45}.WinForms|.NET.Build.0 = Release|Any CPU
		{0A5FB5FF-0843-4343-AD12-C7BF588FCB45}.WinForms|Any CPU.ActiveCfg = Release|Any CPU
		{0A5FB5FF-0843-4343-AD12-C7BF588FCB45}.WinForms|Any CPU.Build.0 = Release|Any CPU
		{0A5FB5FF-0843-4343-AD12-C7BF588FCB45}.WinForms|Mixed Platforms.ActiveCfg = Release|Any CPU
		{0A5FB5FF-0843-4343-AD12-C7BF588FCB45}.WinForms|Mixed Platforms.Build.0 = Release|Any CPU
		{0A5FB5FF-0843-4343-AD12-C7BF588FCB45}.WinForms|x86.ActiveCfg = Release|Any CPU
		{0A5FB5FF-0843-4343-AD12-C7BF588FCB45}.WinForms|x86.Build.0 = Release|Any CPU
		{5EF91BE3-E382-4391-B60F-8FF8962DE0CB}.Academic|.NET.ActiveCfg = Release|Any CPU
		{5EF91BE3-E382-4391-B60F-8FF8962DE0CB}.Academic|.NET.Build.0 = Release|Any CPU
		{5EF91BE3-E382-4391-B60F-8FF8962DE0CB}.Academic|Any CPU.ActiveCfg = Release|Any CPU
		{5EF91BE3-E382-4391-B60F-8FF8962DE0CB}.Academic|Any CPU.Build.0 = Release|Any CPU
		{5EF91BE3-E382-4391-B60F-8FF8962DE0CB}.Academic|Mixed Platforms.ActiveCfg = Release|Any CPU
		{5EF91BE3-E382-4391-B60F-8FF8962DE0CB}.Academic|Mixed Platforms.Build.0 = Release|Any CPU
		{5EF91BE3-E382-4391-B60F-8FF8962DE0CB}.Academic|x86.ActiveCfg = Release|Any CPU
		{5EF91BE3-E382-4391-B60F-8FF8962DE0CB}.Academic|x86.Build.0 = Release|Any CPU
		{5EF91BE3-E382-4391-B60F-8FF8962DE0CB}.Basic|.NET.ActiveCfg = Release|Any CPU
		{5EF91BE3-E382-4391-B60F-8FF8962DE0CB}.Basic|.NET.Build.0 = Release|Any CPU
		{5EF91BE3-E382-4391-B60F-8FF8962DE0CB}.Basic|Any CPU.ActiveCfg = Release|Any CPU
		{5EF91BE3-E382-4391-B60F-8FF8962DE0CB}.Basic|Any CPU.Build.0 = Release|Any CPU
		{5EF91BE3-E382-4391-B60F-8FF8962DE0CB}.Basic|Mixed Platforms.ActiveCfg = Release|Any CPU
		{5EF91BE3-E382-4391-B60F-8FF8962DE0CB}.Basic|Mixed Platforms.Build.0 = Release|Any CPU
		{5EF91BE3-E382-4391-B60F-8FF8962DE0CB}.Basic|x86.ActiveCfg = Release|Any CPU
		{5EF91BE3-E382-4391-B60F-8FF8962DE0CB}.Basic|x86.Build.0 = Release|Any CPU
		{5EF91BE3-E382-4391-B60F-8FF8962DE0CB}.Community|.NET.ActiveCfg = Release|Any CPU
		{5EF91BE3-E382-4391-B60F-8FF8962DE0CB}.Community|.NET.Build.0 = Release|Any CPU
		{5EF91BE3-E382-4391-B60F-8FF8962DE0CB}.Community|Any CPU.ActiveCfg = Release|Any CPU
		{5EF91BE3-E382-4391-B60F-8FF8962DE0CB}.Community|Any CPU.Build.0 = Release|Any CPU
		{5EF91BE3-E382-4391-B60F-8FF8962DE0CB}.Community|Mixed Platforms.ActiveCfg = Release|Any CPU
		{5EF91BE3-E382-4391-B60F-8FF8962DE0CB}.Community|Mixed Platforms.Build.0 = Release|Any CPU
		{5EF91BE3-E382-4391-B60F-8FF8962DE0CB}.Community|x86.ActiveCfg = Release|Any CPU
		{5EF91BE3-E382-4391-B60F-8FF8962DE0CB}.Community|x86.Build.0 = Release|Any CPU
		{5EF91BE3-E382-4391-B60F-8FF8962DE0CB}.Debug|.NET.ActiveCfg = Debug|Any CPU
		{5EF91BE3-E382-4391-B60F-8FF8962DE0CB}.Debug|.NET.Build.0 = Debug|Any CPU
		{5EF91BE3-E382-4391-B60F-8FF8962DE0CB}.Debug|Any CPU.ActiveCfg = Debug|Any CPU
		{5EF91BE3-E382-4391-B60F-8FF8962DE0CB}.Debug|Any CPU.Build.0 = Debug|Any CPU
		{5EF91BE3-E382-4391-B60F-8FF8962DE0CB}.Debug|Mixed Platforms.ActiveCfg = Debug|Any CPU
		{5EF91BE3-E382-4391-B60F-8FF8962DE0CB}.Debug|Mixed Platforms.Build.0 = Debug|Any CPU
		{5EF91BE3-E382-4391-B60F-8FF8962DE0CB}.Debug|x86.ActiveCfg = Debug|Any CPU
		{5EF91BE3-E382-4391-B60F-8FF8962DE0CB}.Debug|x86.Build.0 = Debug|Any CPU
		{5EF91BE3-E382-4391-B60F-8FF8962DE0CB}.Demo|.NET.ActiveCfg = Debug|Any CPU
		{5EF91BE3-E382-4391-B60F-8FF8962DE0CB}.Demo|.NET.Build.0 = Debug|Any CPU
		{5EF91BE3-E382-4391-B60F-8FF8962DE0CB}.Demo|Any CPU.ActiveCfg = Debug|Any CPU
		{5EF91BE3-E382-4391-B60F-8FF8962DE0CB}.Demo|Any CPU.Build.0 = Debug|Any CPU
		{5EF91BE3-E382-4391-B60F-8FF8962DE0CB}.Demo|Mixed Platforms.ActiveCfg = Debug|Any CPU
		{5EF91BE3-E382-4391-B60F-8FF8962DE0CB}.Demo|Mixed Platforms.Build.0 = Debug|Any CPU
		{5EF91BE3-E382-4391-B60F-8FF8962DE0CB}.Demo|x86.ActiveCfg = Debug|Any CPU
		{5EF91BE3-E382-4391-B60F-8FF8962DE0CB}.Demo|x86.Build.0 = Debug|Any CPU
		{5EF91BE3-E382-4391-B60F-8FF8962DE0CB}.Release|.NET.ActiveCfg = Release|Any CPU
		{5EF91BE3-E382-4391-B60F-8FF8962DE0CB}.Release|.NET.Build.0 = Release|Any CPU
		{5EF91BE3-E382-4391-B60F-8FF8962DE0CB}.Release|Any CPU.ActiveCfg = Release|Any CPU
		{5EF91BE3-E382-4391-B60F-8FF8962DE0CB}.Release|Any CPU.Build.0 = Release|Any CPU
		{5EF91BE3-E382-4391-B60F-8FF8962DE0CB}.Release|Mixed Platforms.ActiveCfg = Release|Any CPU
		{5EF91BE3-E382-4391-B60F-8FF8962DE0CB}.Release|Mixed Platforms.Build.0 = Release|Any CPU
		{5EF91BE3-E382-4391-B60F-8FF8962DE0CB}.Release|x86.ActiveCfg = Release|Any CPU
		{5EF91BE3-E382-4391-B60F-8FF8962DE0CB}.Release|x86.Build.0 = Release|Any CPU
		{5EF91BE3-E382-4391-B60F-8FF8962DE0CB}.Test|.NET.ActiveCfg = Debug|Any CPU
		{5EF91BE3-E382-4391-B60F-8FF8962DE0CB}.Test|.NET.Build.0 = Debug|Any CPU
		{5EF91BE3-E382-4391-B60F-8FF8962DE0CB}.Test|Any CPU.ActiveCfg = Debug|Any CPU
		{5EF91BE3-E382-4391-B60F-8FF8962DE0CB}.Test|Any CPU.Build.0 = Debug|Any CPU
		{5EF91BE3-E382-4391-B60F-8FF8962DE0CB}.Test|Mixed Platforms.ActiveCfg = Debug|Any CPU
		{5EF91BE3-E382-4391-B60F-8FF8962DE0CB}.Test|Mixed Platforms.Build.0 = Debug|Any CPU
		{5EF91BE3-E382-4391-B60F-8FF8962DE0CB}.Test|x86.ActiveCfg = Debug|Any CPU
		{5EF91BE3-E382-4391-B60F-8FF8962DE0CB}.Test|x86.Build.0 = Debug|Any CPU
		{5EF91BE3-E382-4391-B60F-8FF8962DE0CB}.WinForms|.NET.ActiveCfg = Release|Any CPU
		{5EF91BE3-E382-4391-B60F-8FF8962DE0CB}.WinForms|.NET.Build.0 = Release|Any CPU
		{5EF91BE3-E382-4391-B60F-8FF8962DE0CB}.WinForms|Any CPU.ActiveCfg = Release|Any CPU
		{5EF91BE3-E382-4391-B60F-8FF8962DE0CB}.WinForms|Any CPU.Build.0 = Release|Any CPU
		{5EF91BE3-E382-4391-B60F-8FF8962DE0CB}.WinForms|Mixed Platforms.ActiveCfg = Release|Any CPU
		{5EF91BE3-E382-4391-B60F-8FF8962DE0CB}.WinForms|Mixed Platforms.Build.0 = Release|Any CPU
		{5EF91BE3-E382-4391-B60F-8FF8962DE0CB}.WinForms|x86.ActiveCfg = Release|Any CPU
		{5EF91BE3-E382-4391-B60F-8FF8962DE0CB}.WinForms|x86.Build.0 = Release|Any CPU
	EndGlobalSection
	GlobalSection(SolutionProperties) = preSolution
		HideSolutionNode = FALSE
	EndGlobalSection
	GlobalSection(ExtensibilityGlobals) = postSolution
		SolutionGuid = {E1ADFF3C-BB63-4AB9-9A3A-F9B18B983394}
	EndGlobalSection
	GlobalSection(MonoDevelopProperties) = preSolution
		Policies = $0
		$0.DotNetNamingPolicy = $1
		StartupItem = Demos\C#\Main\Demo.csproj
	EndGlobalSection
EndGlobal
